
Microsoft Visual Studio Solution File, Format Version 12.00
# Visual Studio Version 17
VisualStudioVersion = 17.3.32901.215
MinimumVisualStudioVersion = 10.0.40219.1
Project("{FAE04EC0-301F-11D3-BF4B-00C04F79EFBC}") = "Nullable", "Nullable\Nullable.csproj", "{3C44B111-06EE-4BC9-B546-F96FFD9FD1A7}"
EndProject
Global
	GlobalSection(SolutionConfigurationPlatforms) = preSolution
		Debug|Any CPU = Debug|Any CPU
		Release|Any CPU = Release|Any CPU
	EndGlobalSection
	GlobalSection(ProjectConfigurationPlatforms) = postSolution
		{3C44B111-06EE-4BC9-B546-F96FFD9FD1A7}.Debug|Any CPU.ActiveCfg = Debug|Any CPU
		{3C44B111-06EE-4BC9-B546-F96FFD9FD1A7}.Debug|Any CPU.Build.0 = Debug|Any CPU
		{3C44B111-06EE-4BC9-B546-F96FFD9FD1A7}.Release|Any CPU.ActiveCfg = Release|Any CPU
		{3C44B111-06EE-4BC9-B546-F96FFD9FD1A7}.Release|Any CPU.Build.0 = Release|Any CPU
	EndGlobalSection
	GlobalSection(SolutionProperties) = preSolution
		HideSolutionNode = FALSE
	EndGlobalSection
	GlobalSection(ExtensibilityGlobals) = postSolution
		SolutionGuid = {490663DB-2BFF-4A16-885C-2C02CD6C1554}
	EndGlobalSection
EndGlobal
