
Microsoft Visual Studio Solution File, Format Version 12.00
# Visual Studio Version 17
VisualStudioVersion = 17.3.32901.215
MinimumVisualStudioVersion = 10.0.40219.1
Project("{FAE04EC0-301F-11D3-BF4B-00C04F79EFBC}") = "AutoProperties", "AutoProperties\AutoProperties.csproj", "{3BF510D3-DC05-4BDB-8F4F-A72B4649FDE7}"
EndProject
Global
	GlobalSection(SolutionConfigurationPlatforms) = preSolution
		Debug|Any CPU = Debug|Any CPU
		Release|Any CPU = Release|Any CPU
	EndGlobalSection
	GlobalSection(ProjectConfigurationPlatforms) = postSolution
		{3BF510D3-DC05-4BDB-8F4F-A72B4649FDE7}.Debug|Any CPU.ActiveCfg = Debug|Any CPU
		{3BF510D3-DC05-4BDB-8F4F-A72B4649FDE7}.Debug|Any CPU.Build.0 = Debug|Any CPU
		{3BF510D3-DC05-4BDB-8F4F-A72B4649FDE7}.Release|Any CPU.ActiveCfg = Release|Any CPU
		{3BF510D3-DC05-4BDB-8F4F-A72B4649FDE7}.Release|Any CPU.Build.0 = Release|Any CPU
	EndGlobalSection
	GlobalSection(SolutionProperties) = preSolution
		HideSolutionNode = FALSE
	EndGlobalSection
	GlobalSection(ExtensibilityGlobals) = postSolution
		SolutionGuid = {BDC1F34B-700F-44B5-B08A-72ADE373CFC9}
	EndGlobalSection
EndGlobal
