
Microsoft Visual Studio Solution File, Format Version 12.00
# Visual Studio Version 17
VisualStudioVersion = 17.0.32126.317
MinimumVisualStudioVersion = 10.0.40219.1
Project("{FAE04EC0-301F-11D3-BF4B-00C04F79EFBC}") = "Primeiro", "Primeiro\Primeiro.csproj", "{256D5DF7-C6A6-42DB-89C2-2A1271DE8642}"
EndProject
Global
	GlobalSection(SolutionConfigurationPlatforms) = preSolution
		Debug|Any CPU = Debug|Any CPU
		Release|Any CPU = Release|Any CPU
	EndGlobalSection
	GlobalSection(ProjectConfigurationPlatforms) = postSolution
		{256D5DF7-C6A6-42DB-89C2-2A1271DE8642}.Debug|Any CPU.ActiveCfg = Debug|Any CPU
		{256D5DF7-C6A6-42DB-89C2-2A1271DE8642}.Debug|Any CPU.Build.0 = Debug|Any CPU
		{256D5DF7-C6A6-42DB-89C2-2A1271DE8642}.Release|Any CPU.ActiveCfg = Release|Any CPU
		{256D5DF7-C6A6-42DB-89C2-2A1271DE8642}.Release|Any CPU.Build.0 = Release|Any CPU
	EndGlobalSection
	GlobalSection(SolutionProperties) = preSolution
		HideSolutionNode = FALSE
	EndGlobalSection
	GlobalSection(ExtensibilityGlobals) = postSolution
		SolutionGuid = {6BB532FF-67D1-4C36-A15C-8CFAB1BEE89E}
	EndGlobalSection
EndGlobal
