
Microsoft Visual Studio Solution File, Format Version 12.00
# Visual Studio Version 17
VisualStudioVersion = 17.3.32901.215
MinimumVisualStudioVersion = 10.0.40219.1
Project("{FAE04EC0-301F-11D3-BF4B-00C04F79EFBC}") = "Vetores2", "Vetores2\Vetores2.csproj", "{C412FEC0-05C3-452B-88B6-EC47260D9201}"
EndProject
Global
	GlobalSection(SolutionConfigurationPlatforms) = preSolution
		Debug|Any CPU = Debug|Any CPU
		Release|Any CPU = Release|Any CPU
	EndGlobalSection
	GlobalSection(ProjectConfigurationPlatforms) = postSolution
		{C412FEC0-05C3-452B-88B6-EC47260D9201}.Debug|Any CPU.ActiveCfg = Debug|Any CPU
		{C412FEC0-05C3-452B-88B6-EC47260D9201}.Debug|Any CPU.Build.0 = Debug|Any CPU
		{C412FEC0-05C3-452B-88B6-EC47260D9201}.Release|Any CPU.ActiveCfg = Release|Any CPU
		{C412FEC0-05C3-452B-88B6-EC47260D9201}.Release|Any CPU.Build.0 = Release|Any CPU
	EndGlobalSection
	GlobalSection(SolutionProperties) = preSolution
		HideSolutionNode = FALSE
	EndGlobalSection
	GlobalSection(ExtensibilityGlobals) = postSolution
		SolutionGuid = {5085AB82-83F9-49CA-95AD-B1DD392F4A16}
	EndGlobalSection
EndGlobal
