
Microsoft Visual Studio Solution File, Format Version 12.00
# Visual Studio Version 17
VisualStudioVersion = 17.3.32901.215
MinimumVisualStudioVersion = 10.0.40219.1
Project("{FAE04EC0-301F-11D3-BF4B-00C04F79EFBC}") = "Vetores", "Vetores\Vetores.csproj", "{A8C86D10-927C-4E20-95EB-BD64CF4B83C3}"
EndProject
Global
	GlobalSection(SolutionConfigurationPlatforms) = preSolution
		Debug|Any CPU = Debug|Any CPU
		Release|Any CPU = Release|Any CPU
	EndGlobalSection
	GlobalSection(ProjectConfigurationPlatforms) = postSolution
		{A8C86D10-927C-4E20-95EB-BD64CF4B83C3}.Debug|Any CPU.ActiveCfg = Debug|Any CPU
		{A8C86D10-927C-4E20-95EB-BD64CF4B83C3}.Debug|Any CPU.Build.0 = Debug|Any CPU
		{A8C86D10-927C-4E20-95EB-BD64CF4B83C3}.Release|Any CPU.ActiveCfg = Release|Any CPU
		{A8C86D10-927C-4E20-95EB-BD64CF4B83C3}.Release|Any CPU.Build.0 = Release|Any CPU
	EndGlobalSection
	GlobalSection(SolutionProperties) = preSolution
		HideSolutionNode = FALSE
	EndGlobalSection
	GlobalSection(ExtensibilityGlobals) = postSolution
		SolutionGuid = {2EC1E3DD-0132-4208-B2FF-57DA2A6CDC9D}
	EndGlobalSection
EndGlobal
