
Microsoft Visual Studio Solution File, Format Version 12.00
# Visual Studio Version 17
VisualStudioVersion = 17.3.32901.215
MinimumVisualStudioVersion = 10.0.40219.1
Project("{FAE04EC0-301F-11D3-BF4B-00C04F79EFBC}") = "Resolvendo-problema-semPOO", "Resolvendo-problema-semPOO\Resolvendo-problema-semPOO.csproj", "{F4EA74EA-9D56-4DE9-A282-F64B1B0DFC87}"
EndProject
Global
	GlobalSection(SolutionConfigurationPlatforms) = preSolution
		Debug|Any CPU = Debug|Any CPU
		Release|Any CPU = Release|Any CPU
	EndGlobalSection
	GlobalSection(ProjectConfigurationPlatforms) = postSolution
		{F4EA74EA-9D56-4DE9-A282-F64B1B0DFC87}.Debug|Any CPU.ActiveCfg = Debug|Any CPU
		{F4EA74EA-9D56-4DE9-A282-F64B1B0DFC87}.Debug|Any CPU.Build.0 = Debug|Any CPU
		{F4EA74EA-9D56-4DE9-A282-F64B1B0DFC87}.Release|Any CPU.ActiveCfg = Release|Any CPU
		{F4EA74EA-9D56-4DE9-A282-F64B1B0DFC87}.Release|Any CPU.Build.0 = Release|Any CPU
	EndGlobalSection
	GlobalSection(SolutionProperties) = preSolution
		HideSolutionNode = FALSE
	EndGlobalSection
	GlobalSection(ExtensibilityGlobals) = postSolution
		SolutionGuid = {5304BCD3-F55B-44A1-9EFF-FD99AB6318E7}
	EndGlobalSection
EndGlobal
