
Microsoft Visual Studio Solution File, Format Version 12.00
# Visual Studio Version 17
VisualStudioVersion = 17.3.32901.215
MinimumVisualStudioVersion = 10.0.40219.1
Project("{FAE04EC0-301F-11D3-BF4B-00C04F79EFBC}") = "Matrizes", "Matrizes\Matrizes.csproj", "{3CBC5F62-B2C9-4642-8EE6-147579D448D1}"
EndProject
Global
	GlobalSection(SolutionConfigurationPlatforms) = preSolution
		Debug|Any CPU = Debug|Any CPU
		Release|Any CPU = Release|Any CPU
	EndGlobalSection
	GlobalSection(ProjectConfigurationPlatforms) = postSolution
		{3CBC5F62-B2C9-4642-8EE6-147579D448D1}.Debug|Any CPU.ActiveCfg = Debug|Any CPU
		{3CBC5F62-B2C9-4642-8EE6-147579D448D1}.Debug|Any CPU.Build.0 = Debug|Any CPU
		{3CBC5F62-B2C9-4642-8EE6-147579D448D1}.Release|Any CPU.ActiveCfg = Release|Any CPU
		{3CBC5F62-B2C9-4642-8EE6-147579D448D1}.Release|Any CPU.Build.0 = Release|Any CPU
	EndGlobalSection
	GlobalSection(SolutionProperties) = preSolution
		HideSolutionNode = FALSE
	EndGlobalSection
	GlobalSection(ExtensibilityGlobals) = postSolution
		SolutionGuid = {18332249-50FF-4F40-842B-82F3119C0ABF}
	EndGlobalSection
EndGlobal
